{
    "_meta": {
        "hash": {
            "sha256": "91edc294a24cfb62ba37236ce9555a7d111e9d757f9829582ffd32aaadae21f8"
        },
        "pipfile-spec": 6,
        "requires": {
            "python_version": "2.7"
        },
        "sources": [
            {
                "name": "pypi",
                "url": "https://pypi.org/simple",
                "verify_ssl": true
            }
        ]
    },
    "default": {
        "blessings": {
            "hashes": [
                "sha256:98e5854d805f50a5b58ac2333411b0482516a8210f23f43308baeb58d77c157d",
                "sha256:b1fdd7e7a675295630f9ae71527a8ebc10bfefa236b3d6aa4932ee4462c17ba3",
                "sha256:caad5211e7ba5afe04367cdd4cfc68fa886e2e08f6f35e76b7387d2109ccea6e"
            ],
            "version": "==1.7"
        },
        "certifi": {
            "hashes": [
                "sha256:339dc09518b07e2fa7eda5450740925974815557727d6bd35d319c1524a04a4c",
                "sha256:6d58c986d22b038c8c0df30d639f23a3e6d172a05c3583e766f4c0b785c0986a"
            ],
            "version": "==2018.10.15"
        },
        "chardet": {
            "hashes": [
                "sha256:84ab92ed1c4d4f16916e05906b6b75a6c0fb5db821cc65e70cbd64a3e2a5eaae",
                "sha256:fc323ffcaeaed0e0a02bf4d117757b98aed530d9ed4531e3e15460124c106691"
            ],
            "version": "==3.0.4"
        },
        "coloredlogs": {
            "hashes": [
                "sha256:34fad2e342d5a559c31b6c889e8d14f97cb62c47d9a2ae7b5ed14ea10a79eff8",
                "sha256:b869a2dda3fa88154b9dd850e27828d8755bfab5a838a1c97fbc850c6e377c36"
            ],
            "index": "pypi",
            "version": "==10.0"
        },
        "django": {
            "hashes": [
                "sha256:29268cc47816a44f27308e60f71da635f549c47d8a1d003b28de55141df75791",
                "sha256:37f5876c1fbfd66085001f4c06fa0bf96ef05442c53daf8d4294b6f29e7fa6b8"
            ],
            "version": "==1.11.16"
        },
        "enum34": {
            "hashes": [
                "sha256:2d81cbbe0e73112bdfe6ef8576f2238f2ba27dd0d55752a776c41d38b7da2850",
                "sha256:644837f692e5f550741432dd3f223bbb9852018674981b1664e5dc339387588a",
                "sha256:6bd0f6ad48ec2aa117d3d141940d484deccda84d4fcd884f5c3d93c23ecd8c79",
                "sha256:8ad8c4783bf61ded74527bffb48ed9b54166685e4230386a9ed9b1279e2df5b1"
            ],
            "markers": "python_version == '2.7'",
            "version": "==1.1.6"
        },
        "gitdb2": {
            "hashes": [
                "sha256:83361131a1836661a155172932a13c08bda2db3674e4caa32368aa6eb02f38c2",
                "sha256:e3a0141c5f2a3f635c7209d56c496ebe1ad35da82fe4d3ec4aaa36278d70648a"
            ],
            "version": "==2.0.5"
        },
        "gitpython": {
            "hashes": [
                "sha256:563221e5a44369c6b79172f455584c9ebbb122a13368cc82cb4b5addff788f82",
                "sha256:8237dc5bfd6f1366abeee5624111b9d6879393d84745a507de0fda86043b65a8"
            ],
            "index": "pypi",
            "version": "==2.1.11"
        },
        "humanfriendly": {
            "hashes": [
                "sha256:49196aaebc41a73106256bf2dce468452e8cf2f12b73eb54b50c25fbc1644363",
                "sha256:ed1e98ae056b597f15b41bddcc32b9f21e6ab4f3445f9faad1668675de759f7b"
            ],
            "version": "==4.16.1"
        },
        "idna": {
            "hashes": [
                "sha256:156a6814fb5ac1fc6850fb002e0852d56c0c8d2531923a51032d1b70760e186e",
                "sha256:684a38a6f903c1d71d6d5fac066b58d7768af4de2b832e426ec79c30daa94a16"
            ],
            "version": "==2.7"
        },
        "image": {
            "hashes": [
                "sha256:3f0ea15fb523c68a08098153bb06f4a8913300277e11b61c5e71fdd57b243783",
                "sha256:4a5807ae8f2d73289c01f158cca20082346f51de4a93353422f3ed1d0bdb6785"
            ],
            "index": "pypi",
            "version": "==1.5.27"
        },
        "iris": {
            "editable": true,
            "path": "."
        },
        "mohawk": {
            "hashes": [
                "sha256:b3f85ffa93a5c7d2f9cc591246ef9f8ac4a9fa716bfd5bae0377699a2d89d78c",
                "sha256:e98b331d9fa9ece7b8be26094cbe2d57613ae882133cc755167268a984bc0ab3"
            ],
            "version": "==0.3.4"
        },
        "monotonic": {
            "hashes": [
                "sha256:23953d55076df038541e648a53676fb24980f7a1be290cdda21300b3bc21dfb0",
                "sha256:552a91f381532e33cbd07c6a2655a21908088962bb8fa7239ecbcc6ad1140cc7"
            ],
            "markers": "python_version == '2.6' or python_version == '2.7' or python_version == '3.0' or python_version == '3.1' or python_version == '3.2'",
            "version": "==1.5"
        },
        "mozdevice": {
            "hashes": [
                "sha256:fec783339e5f229f779febf6037d456a1c2183c1f79e32d7ccdd8aa7c76969dc"
            ],
            "version": "==1.1.1"
        },
        "mozdownload": {
            "hashes": [
                "sha256:3de5405d117e0900e381395dcb037aa1539a607b1ca104d207aaae4195ca053a",
                "sha256:7c1841b03ee5312a8647945f973c8177fb4b79a7ae48e24e6eac94ac7758a7eb"
            ],
            "index": "pypi",
            "version": "==1.24"
        },
        "mozfile": {
            "hashes": [
                "sha256:d3b00f336c6a89449bd78dd3ae65d74eb98497438d1ccfec07af0a736d20e957"
            ],
            "version": "==1.2"
        },
        "mozinfo": {
            "hashes": [
                "sha256:dcd53a1b1793340418e1ae42bf300e3e56d8f12047972378c6f9318b220b1023"
            ],
            "index": "pypi",
            "version": "==0.10"
        },
        "mozinstall": {
            "hashes": [
                "sha256:034e1e21cf5504324c74cab62944b25cedc7d2650054ec94f537055d6f581d7d",
                "sha256:8a27c03a98f88f3998d5ba910b61b7f44f7aa43113f60e5b76bf4a860548cb89"
            ],
            "index": "pypi",
            "version": "==1.16.0"
        },
        "mozlog": {
            "hashes": [
                "sha256:40d31a6e2d55d82aff935401e5dba730aee9520d2a65767a6f0342fe5f23bdc5",
                "sha256:6c63719671c1926724811436b31cecb06e865ee3c1a45a7e562b9159117fde8c",
                "sha256:c6c7f3ca3fc9a3e37dde4a958940bab2bf30e5a9b3afc187372bdd6abaaeffc8"
            ],
            "version": "==3.9"
        },
        "moznetwork": {
            "hashes": [
                "sha256:5ac0d56cc46d7a080e4ff0742238360f72f43eb52191319df1b4021779e9d727"
            ],
            "version": "==0.27"
        },
        "mozprocess": {
            "hashes": [
                "sha256:9f3d533439f7721c90547bee0ecdf421c838e5976673430f6ea37db7a789b363",
                "sha256:9f471c45bee9ff14e936c6ee216a6cc4941223659c01fa626bce628001d8485c"
            ],
            "version": "==0.26"
        },
        "mozprofile": {
            "hashes": [
                "sha256:c8199a4dd30dfced4ae35250252828aa8f770d70878d85ea5ab665a5d3fb8631",
                "sha256:ddd3a27ea004d56f2020fe4ee70a897b3adc584c33f28089c5d6870828f4ed66"
            ],
            "version": "==2.0.0"
        },
        "mozrunner": {
            "hashes": [
                "sha256:de57ecb3644928f2eb315c4989227e7bc14fb129b509db58845eb4e6a60058d3"
            ],
            "index": "pypi",
            "version": "==7.1.0"
        },
        "mozterm": {
            "hashes": [
                "sha256:b1e91acec188de07c704dbb7b0100a7be5c1e06567b3beb67f6ea11d00a483a4",
                "sha256:f5eafa25c23d391e2a2bb1dd45ee928fc9e3c811977a3856b5a5a0778011053c"
            ],
            "version": "==1.0.0"
        },
        "mozversion": {
            "hashes": [
                "sha256:e4a8aad0a4748c8b4f1990ec52837d79be8564f30d097a10242d5a08c6b10206",
                "sha256:e9b11e4a46bf7a4a11469ea4589c75f3ba50b34b7801e7edf1a09147af8bf70f"
            ],
            "index": "pypi",
            "version": "==1.5"
        },
        "mss": {
            "hashes": [
                "sha256:b63e54625038cd6e6b4598e28b47d26294d4d1670f91a5aa4a3a7c0bdbb86ec0",
                "sha256:f93a78fc2f14a15c8e782affd0408bb508330c508015761063cd5427114a7d58"
            ],
            "index": "pypi",
            "version": "==3.3.1"
        },
        "numpy": {
            "hashes": [
                "sha256:1b1cf8f7300cf7b11ddb4250b3898c711a6187df05341b5b7153db23ffe5d498",
                "sha256:27a0d018f608a3fe34ac5e2b876f4c23c47e38295c47dd0775cc294cd2614bc1",
                "sha256:3fde172e28c899580d32dc21cb6d4a1225d62362f61050b654545c662eac215a",
                "sha256:497d7c86df4f85eb03b7f58a7dd0f8b948b1f582e77629341f624ba301b4d204",
                "sha256:4e28e66cf80c09a628ae680efeb0aa9a066eb4bb7db2a5669024c5b034891576",
                "sha256:58be95faf0ca2d886b5b337e7cba2923e3ad1224b806a91223ea39f1e0c77d03",
                "sha256:5b4dfb6551eaeaf532054e2c6ef4b19c449c2e3a709ebdde6392acb1372ecabc",
                "sha256:63f833a7c622e9082df3cbaf03b4fd92d7e0c11e2f9d87cb57dbf0e84441964b",
                "sha256:71bf3b7ca15b1967bba3a1ef6a8e87286382a8b5e46ac76b42a02fe787c5237d",
                "sha256:733dc5d47e71236263837825b69c975bc08728ae638452b34aeb1d6fa347b780",
                "sha256:82f00a1e2695a0e5b89879aa25ea614530b8ebdca6d49d4834843d498e8a5e92",
                "sha256:866bf72b9c3bfabe4476d866c70ee1714ad3e2f7b7048bb934892335e7b6b1f7",
                "sha256:8aeac8b08f4b8c52129518efcd93706bb6d506ccd17830b67d18d0227cf32d9e",
                "sha256:8d2cfb0aef7ec8759736cce26946efa084cdf49797712333539ef7d135e0295e",
                "sha256:981224224bbf44d95278eb37996162e8beb6f144d2719b144e86dfe2fce6c510",
                "sha256:981daff58fa3985a26daa4faa2b726c4e7a1d45178100125c0e1fdaf2ac64978",
                "sha256:9ad36dbfdbb0cba90a08e7343fadf86f43cf6d87450e8d2b5d71d7c7202907e4",
                "sha256:a251570bb3cb04f1627f23c234ad09af0e54fc8194e026cf46178f2e5748d647",
                "sha256:b5ff7dae352fd9e1edddad1348698e9fea14064460a7e39121ef9526745802e6",
                "sha256:c898f9cca806102fcacb6309899743aa39efb2ad2a302f4c319f54db9f05cd84",
                "sha256:cf4b970042ce148ad8dce4369c02a4078b382dadf20067ce2629c239d76460d1",
                "sha256:d1569013e8cc8f37e9769d19effdd85e404c976cd0ca28a94e3ddc026c216ae8",
                "sha256:dca261e85fe0d34b2c242ecb31c9ab693509af2cf955d9caf01ee3ef3669abd0",
                "sha256:ec8bf53ef7c92c99340972519adbe122e82c81d5b87cbd955c74ba8a8cd2a4ad",
                "sha256:f2e55726a9ee2e8129d6ce6abb466304868051bcc7a09d652b3b07cd86e801a2",
                "sha256:f4dee74f2626c783a3804df9191e9008946a104d5a284e52427a53ff576423cb",
                "sha256:f592fd7fe1f20b5041928cce1330937eca62f9058cb41e69c2c2d83cffc0d1e3",
                "sha256:ffab5b80bba8c86251291b8ce2e6c99a61446459d4c6637f5d5cc8c9ce37c972"
            ],
            "index": "pypi",
            "version": "==1.15.2"
        },
        "opencv-python": {
            "hashes": [
                "sha256:02342c264ac95fddd6c5dfdc2bf71bf65617d4b0006b1d56b699b559671f8c9d",
                "sha256:049b080c53bc660bce0819cbabeade21bef8cc4f8bd2d4b407e62a576c70ef44",
                "sha256:050202bfcdb4d039dacdb567fe7c04f221f49b59ae5c50c2b111090e2c2451c6",
                "sha256:0b75aa8255eea19c3382dad18423a9809873962b1f8488bc7a232dccb847bfc1",
                "sha256:0fd4c86dbce58bdda149f5175093d50a0396ee5a981675c21b14a30aa667b97f",
                "sha256:151d738d479df018edd050ed146567c6044a19b7b7e3d4e38c726e904bad7a3e",
                "sha256:22e4b07e30da981a4013141809eb974a6f14cd712fa4fa80f8e70d8cc8c155f8",
                "sha256:2cea809afe32cdccf97d66b131afc0fed80076244fb77b68ad9bf016d9cdc261",
                "sha256:2ed45cfe330c0cbd925c5eb8de32b78fae68ae02952b46bf04af813eefc065b7",
                "sha256:57b73647e25402cfd4ecb42d5bb3ddc5ec740a3124b4559c215c073127971cd5",
                "sha256:66f35f28b705272f9f54ecb6decb8954d5b0b2db8506cdcf0c0f9b7014b5b446",
                "sha256:76c732905bd84b84d7c6d8b924471a54d02088e649e006ad8abda4b630a5de93",
                "sha256:7fef1125b7a38ce6a839338109de0dfba604552d5ac2f5a839ed1eb5cf8b5887",
                "sha256:856f492631ac5523dd10c8273d8b7ec708199e4a9096deea880a6fc41ffd1bc9",
                "sha256:a875254c00af87e0b9d81026dff165c7233a37672764f0d647a93fd702afa3ef",
                "sha256:ba7571e14f7aca54552dc0ee71714bc4466c5076b571fed2dd6e1af6879a9532",
                "sha256:bb79ef5db35f08bfd340cac25b89eab1dff0d5cbada9015a988d9092e48bbe5c",
                "sha256:c2cb706934cc55023a2fa597422b4dd18b7bf3cb14033bfe00633b0f16ab9b48",
                "sha256:d34fc04624220b0db3652cf52fc40867267a5c92825850ead98da686aea61bb6",
                "sha256:e27976369de71b159d4e6cb2599bde860570c82eebd6fe2daaca494e6d3037b5",
                "sha256:f4e3d807319e97e406fe76e722a67ec4c20dc2c26f7fea51b66cbb8a5c078eb1",
                "sha256:fc9d2874bfd29dcf238f3d57871d718265573e5e0776980f6eea77409a9ce400"
            ],
            "index": "pypi",
            "version": "==3.4.1.15"
        },
        "packaging": {
            "hashes": [
                "sha256:0886227f54515e592aaa2e5a553332c73962917f2831f1b0f9b9f4380a4b9807",
                "sha256:f95a1e147590f204328170981833854229bb2912ac3d5f89e2a8ccd2834800c9"
            ],
            "index": "pypi",
            "version": "==18.0"
        },
        "pep8": {
            "hashes": [
                "sha256:b22cfae5db09833bb9bd7c8463b53e1a9c9b39f12e304a8d0bba729c501827ee",
                "sha256:fe249b52e20498e59e0b5c5256aa52ee99fc295b26ec9eaa85776ffdb9fe6374"
            ],
            "index": "pypi",
            "version": "==1.7.1"
        },
        "pillow": {
            "hashes": [
                "sha256:00203f406818c3f45d47bb8fe7e67d3feddb8dcbbd45a289a1de7dd789226360",
                "sha256:0616f800f348664e694dddb0b0c88d26761dd5e9f34e1ed7b7a7d2da14b40cb7",
                "sha256:1f7908aab90c92ad85af9d2fec5fc79456a89b3adcc26314d2cde0e238bd789e",
                "sha256:2ea3517cd5779843de8a759c2349a3cd8d3893e03ab47053b66d5ec6f8bc4f93",
                "sha256:48a9f0538c91fc136b3a576bee0e7cd174773dc9920b310c21dcb5519722e82c",
                "sha256:5280ebc42641a1283b7b1f2c20e5b936692198b9dd9995527c18b794850be1a8",
                "sha256:5e34e4b5764af65551647f5cc67cf5198c1d05621781d5173b342e5e55bf023b",
                "sha256:63b120421ab85cad909792583f83b6ca3584610c2fe70751e23f606a3c2e87f0",
                "sha256:696b5e0109fe368d0057f484e2e91717b49a03f1e310f857f133a4acec9f91dd",
                "sha256:870ed021a42b1b02b5fe4a739ea735f671a84128c0a666c705db2cb9abd528eb",
                "sha256:916da1c19e4012d06a372127d7140dae894806fad67ef44330e5600d77833581",
                "sha256:9303a289fa0811e1c6abd9ddebfc770556d7c3311cb2b32eff72164ddc49bc64",
                "sha256:9577888ecc0ad7d06c3746afaba339c94d62b59da16f7a5d1cff9e491f23dace",
                "sha256:987e1c94a33c93d9b209315bfda9faa54b8edfce6438a1e93ae866ba20de5956",
                "sha256:99a3bbdbb844f4fb5d6dd59fac836a40749781c1fa63c563bc216c27aef63f60",
                "sha256:99db8dc3097ceafbcff9cb2bff384b974795edeb11d167d391a02c7bfeeb6e16",
                "sha256:a5a96cf49eb580756a44ecf12949e52f211e20bffbf5a95760ac14b1e499cd37",
                "sha256:aa6ca3eb56704cdc0d876fc6047ffd5ee960caad52452fbee0f99908a141a0ae",
                "sha256:aade5e66795c94e4a2b2624affeea8979648d1b0ae3fcee17e74e2c647fc4a8a",
                "sha256:b78905860336c1d292409e3df6ad39cc1f1c7f0964e66844bbc2ebfca434d073",
                "sha256:b92f521cdc4e4a3041cc343625b699f20b0b5f976793fb45681aac1efda565f8",
                "sha256:bfde84bbd6ae5f782206d454b67b7ee8f7f818c29b99fd02bf022fd33bab14cb",
                "sha256:c2b62d3df80e694c0e4a0ed47754c9480521e25642251b3ab1dff050a4e60409",
                "sha256:c5e2be6c263b64f6f7656e23e18a4a9980cffc671442795682e8c4e4f815dd9f",
                "sha256:c99aa3c63104e0818ec566f8ff3942fb7c7a8f35f9912cb63fd8e12318b214b2",
                "sha256:dae06620d3978da346375ebf88b9e2dd7d151335ba668c995aea9ed07af7add4",
                "sha256:db5499d0710823fa4fb88206050d46544e8f0e0136a9a5f5570b026584c8fd74",
                "sha256:f36baafd82119c4a114b9518202f2a983819101dcc14b26e43fc12cbefdce00e",
                "sha256:f52b79c8796d81391ab295b04e520bda6feed54d54931708872e8f9ae9db0ea1",
                "sha256:ff8cff01582fa1a7e533cb97f628531c4014af4b5f38e33cdcfe5eec29b6d888"
            ],
            "version": "==5.3.0"
        },
        "progressbar2": {
            "hashes": [
                "sha256:84cb2b81274e9d83a952dc4517f953fbaf1e040b90638e68d54fc18e7dd47030",
                "sha256:d209f8c13672724bbb7bbf76e7ffedaa0bcdac32dc8db68a627bbabfd6c75de0"
            ],
            "version": "==3.38.0"
        },
        "pyautogui": {
            "hashes": [
                "sha256:52dae786359a51f6dcd64037fe0d703bb86e881059fe99af1fe4662cdf0d7d9e"
            ],
            "index": "pypi",
            "version": "==0.9.38"
        },
        "pymsgbox": {
            "hashes": [
                "sha256:3888116a60812d01d44529c402014bf0896d2a9262617cb18faa9a7b3800ad4e"
            ],
            "version": "==1.0.6"
        },
        "pynput": {
            "hashes": [
                "sha256:93927f49ce8e6cc3204852bfb3d42d7c510e9ae2e14fe9d683b099416013f520"
            ],
            "index": "pypi",
            "version": "==1.4"
        },
        "pyobjc": {
            "hashes": [
                "sha256:15449e2f7542f4a4bb763756e6427b9856a97e1d40ea4f3aea86489ce41eebfa",
                "sha256:245f4325fb3cd4e279aa3db8173768c5aac8c84fa0085863fad871930369a502",
                "sha256:5cd96fa67ad42cd5d0776236221429f5abe3b5e74952b532eb32c04af5a47bcd"
            ],
            "index": "pypi",
            "markers": "platform_system == 'Darwin'",
            "version": "==5.1"
        },
        "pyobjc-core": {
            "hashes": [
                "sha256:192618d7aba1015f3f04ddd121f8db07c11d1536a996f6ffc6bc0e8257356b0e",
                "sha256:2361c352ddad64883575fe59605b9a7b792b38f786c7d4725b73504c8de98cc7",
                "sha256:2513a17b89d21320252fc0beff17668e142e884b4fe85a6cab8f7714e778841d",
                "sha256:2638f1eca151e7a2860c55f835614688d2e88fc385ed749a29ad9dc90d1ed95f",
                "sha256:64625c996d306025afa86984f83dc05f0ff74cc3f73096aa803067473e9254b2",
                "sha256:917c557d0c90001137f84dd804086ac42f104f46f407b5057f23105b054b9c5d",
                "sha256:a3d0b760c1d66d8ac3aaf6f091d8aa22b7583497f5ee48d63d9106f2118f4716",
                "sha256:bf806ccc32ea47eb71f21be4b49be3e728bf67592bae677998b60012a31312b5",
                "sha256:d29fc9f6dbc5b81042350fcc8acf24ef0174841f8a24faf8bad985522e22ab9e"
            ],
            "index": "pypi",
            "markers": "platform_system == 'Darwin'",
            "version": "==5.1"
        },
        "pyobjc-framework-addressbook": {
            "hashes": [
                "sha256:06902bbe122f59eeb1c9d259b3cae553bb5f34ff770e585b80124ce3a816db01",
                "sha256:5b8247f1fa25b923097c0750c5e381393faab5ccafc665e336e68d4b7ad95404",
                "sha256:71029f455b947b61eaa46e3ff2399e19e6c6f5906197b51e72796ba0f171433e",
                "sha256:9ad83f653dd61a93fd7fd7560b304856fa2b3cb0eb5219d6753129a826953805",
                "sha256:9c7a02b22bc1f2f584f4c58c02625c457d066eb1c627331bdf8667ed8d2ca265",
                "sha256:ac0e37d0e8ae2dee10f02a0418289213274cbd03b9b749d057b755b5211dd5b1",
                "sha256:b7136daf583d399c0e029b7d2b229c41b91fca69c4130ae519047830876583eb",
                "sha256:cb0148719a57d39d1b863c9478d5f587238a96c3fe2e57e0a500eb480685b996",
                "sha256:df23d1539bd072f29d136477bc826059e7555c15fdb1c3a00117a123e1a063c5"
            ],
            "index": "pypi",
            "markers": "platform_system == 'Darwin'",
            "version": "==5.1"
        },
        "pyobjc-framework-applescriptkit": {
            "hashes": [
                "sha256:82c56aca05b5076c558cfbaf909aa9edf5b11dada862c94647374c723e1b7bd4",
                "sha256:c608cc6cc901858e57dba28d7f3685f7dacf52ec5764ae6d3f43c86069b075d1"
            ],
            "version": "==5.1"
        },
        "pyobjc-framework-applicationservices": {
            "hashes": [
                "sha256:7f9e934fda4ebd79936ecede1c82a4c284ca0a1c7d9030466f7f8ed36a2430c2",
                "sha256:ab42b210e5af19d646ba3ab563918474aaee153d712688153671c9274bbee314"
            ],
            "version": "==5.1"
        },
        "pyobjc-framework-automator": {
            "hashes": [
                "sha256:59f6bc6e6594d59c6835078fa0df7caf142310c30e82c6984799d94290ff84c6",
                "sha256:9eec07c0520b484790d6fb5e0f8f72e5962779e9e151c30148dc7ce9b68de235"
            ],
            "version": "==5.1"
        },
        "pyobjc-framework-cfnetwork": {
            "hashes": [
                "sha256:18ef884d11de9d96acfacbd4b460bc09f5c3c6b82a2eedfc8fb43cbd0173f0d8",
                "sha256:319266c7d06b8f07b06f15b3410dd36df97b440cf3516e00fa9c5da085a47758",
                "sha256:42cb2ac6cea2eee4bf7a63f5d084faad28d0bf0eddf0bd3553048fdd6980275c",
                "sha256:78ecf9af52bb77ae33acf9b5e3b2b59cf527cb5de5772c6091971a392afa0766",
                "sha256:86395e41ce968af5dd1aa0b6f0c65d89ec7b1827fd42d8ee181f950f10c3035b",
                "sha256:c3e1b3ecaf2b671e9857fa856413b1e2093c96ffff7e9c0ee6c27080c74ebdbf",
                "sha256:e5a45ea0d1572e7c7f7cafe2c707fdd1e01a7084e07b38644b08e288b3f56777",
                "sha256:f4eec842d801179f1e5de8c174de6ad844468cf334b0c28a0a62fb9f7f4883aa",
                "sha256:f71956ac4e7781b9b028befe8d01047248b8abe70b7aa45172854a5d761286fd"
            ],
            "index": "pypi",
            "markers": "platform_system == 'Darwin'",
            "version": "==5.1"
        },
        "pyobjc-framework-cocoa": {
            "hashes": [
                "sha256:17ebe00b3deaf0f598940b3c4dd7a76f898656073333cfe98397344731cec4ef",
                "sha256:18e07ea28ac1a77b61b9337500c84afad3f25398c672ba27bd37cc09e791854d",
                "sha256:5012d23b2835abed1d5a545aaf9fbd7dd0d4c3982f613ea53895a99f245eec41",
                "sha256:5829cada9c1b4e8012122c91c21427bc38ac7811ea5a01317a3cbbaffd684c64",
                "sha256:a9e0105a593c1c7dff9498d5255a1bdaf3d4ece67b5b180a5d80860c587414ad",
                "sha256:d5cdb1a58bbaae508fc0daddf562e4720ca7dec359a42ed04f8c1c910ca45265",
                "sha256:d8eec5b6b870db947719baeb1f9e96364e60026e86fbdfc1960b5588de1750e1",
                "sha256:dda2fdf3b539736bc653cc50494180a22b95ebb5bd584c54878edfd503144d4f",
                "sha256:f2332effe441b7bf87d64d22fc189226be2bbec33cfffb45339369aac36196d2"
            ],
            "index": "pypi",
            "markers": "platform_system == 'Darwin'",
            "version": "==5.1"
        },
        "pyobjc-framework-coreaudio": {
            "hashes": [
                "sha256:1140c096dfe322bfb45ff522641850a6811c75532110a9eeb333d4725bd7f114",
                "sha256:12224bd879c5433ac220ffd3c3b6a42ce53e5433aad55451b886d058cb77c54f",
                "sha256:1b18204f15a009a1c56d58614579fc6e3c7a677bd7e32ea868e9f24f40b992e8",
                "sha256:1d58c988ac0fb0722b07e8656462db74e8e3fed12c369ea1e261029d4f7a8e4b",
                "sha256:305439bba7578ddc9d31bb72c46520c1ffa4b5de7c17c741442c1d74377a1a08",
                "sha256:8b9f31b749890c8320e7f5911623e531a806984b0c3bd98847be8d020986a3f1",
                "sha256:8f530f1f43a0385653f04bb0e8b990ee2ab9cab0705667a97a429446add96103",
                "sha256:c9bb9977af65e70ee2ee55313601b6446da7ac1349d5ad2e6e50f8e079b0cd38",
                "sha256:ee57bef18de8267799971cbb0288b204875b64947d6db04eca406888a59564bc"
            ],
            "index": "pypi",
            "markers": "platform_system == 'Darwin'",
            "version": "==5.1"
        },
        "pyobjc-framework-coreaudiokit": {
            "hashes": [
                "sha256:2be344fc634599c97c8e94c1f49b464bd11b1ad955c72c1f4b9332d700e862e5",
                "sha256:3af9a9154ff32ee586aeede8564fc3add4cb01bc383d00b676e9d3e0a960a3a7",
                "sha256:4bcae9b57f604f34bcfaf6c079b7bae901c69a4337ad3b35d1e70c05bb2c0f34",
                "sha256:63e783b5b64020d884e2ea30da4e5ca00450eebb37630bc42b126c09711a8d1b",
                "sha256:78f2cdb4fc5f28cee887e1037cb9f3e4ccd211b2a4421d739c2b1889aa93beb1",
                "sha256:95568dd73686f30a615b8d5875f0ce17e39da0d179ad20ed899b2173ffa22d42",
                "sha256:a802d01978d3981484e2c695d5d6d4216d651938e4d8f653334e6671c053e093",
                "sha256:d81f6076fa39c37d744bea9dcf97a0a341a4e9137e185152c8783817e1bfc131",
                "sha256:dba76a12eb55d12093322ff8074a7d700ba12adc6f54d883f2e474ab7a741570"
            ],
            "index": "pypi",
            "markers": "platform_system == 'Darwin'",
            "version": "==5.1"
        },
        "pyobjc-framework-coredata": {
            "hashes": [
                "sha256:17d42a8177258dc70c29aba9783718570237e4b5b605c6ef343f036900091da1",
                "sha256:19e385189d66b015bc23a6fe1a1535127f352270daadddaf081330e3a6a7e24d",
                "sha256:42e92053185325ed733c923f67b7c74c42af60ee0cb714c1c063854b0b4ca113",
                "sha256:53280d3ad79eb8d9ca7f8f43fd0be47b8cb5be7d8246daf7f3d0597548caf095",
                "sha256:5f9f93401f8ad61dd672ef8a3b7fbaa10eb7a0f7187f44fb2bfcd87d92e37326",
                "sha256:636d0fe713debd5e8fd5159e314b9129efe1de9007305ac1192394744a42cfa9",
                "sha256:995af698c5980405fc8d9c80eb4684108d9da3500437b942a7c752e728fd1d87",
                "sha256:b20af99090895a0bc251fcf17fee736f21d008e93d4cc43b7c8f1308c4a747a9",
                "sha256:bd9fc433c72a8c4949d30788c7e58835d0921781f02db675a655bfeadce5b930"
            ],
            "index": "pypi",
            "markers": "platform_system == 'Darwin'",
            "version": "==5.1"
        },
        "pyobjc-framework-coreservices": {
            "hashes": [
                "sha256:1bc46f673c881deceddc06def6c655232978bc3f9fd9ee69f060dbdc211bb0f0",
                "sha256:1c0513c54a2d1dee86f4ec5ab475f5b5b41ec1d2e4eaa2a5bfb75b3f9224ad15",
                "sha256:25635b83966be883e93b27d753101338f7420d4bc623a35fba4b16a11074dd6b",
                "sha256:937174c3be8b1d8aceab7c2344a0ec96cf04036a5939b2c2e4275ae4c54aa466",
                "sha256:e5e67bb4c49a5a35b4682d6e4a132100144133b15194e3ab715d11690893e31a",
                "sha256:e733879934a67374bff211c770432ba5a328106bbc01c7dd735dde945d88b608",
                "sha256:e8e2fb46ac1b304ec6ec0b15bb9690cb46749dd1e1c58bb7485cece0b7e53968",
                "sha256:eb7f0449ba269eeeaaf2f8e42eae470f68c9170bff14b877717132b6c4a27aa1",
                "sha256:f6953b27665f398ef961e02c8c64cc50a13b15da8cf0478274a66a9c6eb9d660"
            ],
            "index": "pypi",
            "markers": "platform_system == 'Darwin'",
            "version": "==5.1"
        },
        "pyobjc-framework-coretext": {
            "hashes": [
                "sha256:0ea8d8f21549ce864dfdcceed91440843a34cfd6801240e741c11c2fed5e04f5",
                "sha256:7510241ff65c3340b85c74c91944e7dd8cfc6d5f8de4ced50a4e374fd97256cf",
                "sha256:8101149215399282e99542a081a12462503cec321d11ee40195fca6fd1fbf6da",
                "sha256:a83a31392bedd68690440939522652946d745667c88e7dc60d8d3af6c05d52ee",
                "sha256:aa321f5d629cf35e6bdef9f56b2922466ec1ece470d0946160f37a5de4f02936",
                "sha256:b5376eb235a5488dab1abba3c715abf81ec3d8d611fad38d37310fc7c8fec19c",
                "sha256:bd22931bbb4841795bc1d3e0339bdf6bc18a84903774c339cefbe6cd0f327868",
                "sha256:cc2fe858b3f20459fccd8e8e7ddf35e8d3075fa8138ee8b3313c363c8fafc713",
                "sha256:f5dd2c7d5686b70601622d8e4f4dec5d9182de3cbec962e2b21cccaa2dcbe6f6"
            ],
            "index": "pypi",
            "markers": "platform_system == 'Darwin'",
            "version": "==5.1"
        },
        "pyobjc-framework-discrecording": {
            "hashes": [
                "sha256:01c6a4c33b0cc841623d02effe50746b6e1b36cda9a30d82de0b6eadd4bf3cdd",
                "sha256:20193b296d5c55f2e93ff4e4e768f7925ef224778ea21b7255da43fbff2e8083",
                "sha256:323f0dea3997c05f30d10029e5f1777528f572c1847c041d226f9d869a3cefcb",
                "sha256:4d1c3761e2ff23ca59610d9c444ee421d5b32edfb7179364b11765b4bf826843",
                "sha256:6ee590cc7f7aa78dede6ee05fe89f5b1c459fb6178c0347b21b173a279cb8a95",
                "sha256:8e78910c6ccce947057b330919546c46c9dca48803f429e08d9e61c4703db082",
                "sha256:dabdf50a6c94c28909e444a4b12a9cc40b3713aec1af762b5e384b179713a003",
                "sha256:e6b7b4ca9832b3ed673ec1697588d0bc3570b7a5243ae0b680ba3cb6f1ad9422",
                "sha256:eace1233bd1ea98d884d244e361a84874cfd7c216684c12e0c30690c2a86c26e"
            ],
            "index": "pypi",
            "markers": "platform_system == 'Darwin'",
            "version": "==5.1"
        },
        "pyobjc-framework-discrecordingui": {
            "hashes": [
                "sha256:9eed22bbd48c6da3e2589d73d4f5d291398fdd99c409179fe9729a022aa3d9c3",
                "sha256:ad5b9f8523fbf6c80db208024bf7c1b60e65b39a113f7a1930b6b52ca274a859"
            ],
            "version": "==5.1"
        },
        "pyobjc-framework-diskarbitration": {
            "hashes": [
                "sha256:325a9731dbb928bfb263aad31b7370c1e41c2882b575c93c444d209b39942657",
                "sha256:8e985055654dceec401d998e3daa175cdd1b0441bebc6a194012238447933925"
            ],
            "version": "==5.1"
        },
        "pyobjc-framework-dvdplayback": {
            "hashes": [
                "sha256:b4a52cb59a4203f0034700e383c19273a6151a4b380d3b0bc4ebf62e9d87c9a3",
                "sha256:f89e06ec60b1ca4a768ad6773c1ae3445329f37b81baaca4ee91a72dcbef6a95"
            ],
            "version": "==5.1"
        },
        "pyobjc-framework-exceptionhandling": {
            "hashes": [
                "sha256:02223d1200433aa589794715172e9153b4f9c85ec84e4d1514dd4602f68e9e86",
                "sha256:2c5bbd8c037863b6af32b17dfbe668bd9985847e47bdeadea022d730a2633101"
            ],
            "version": "==5.1"
        },
        "pyobjc-framework-installerplugins": {
            "hashes": [
                "sha256:751271bf86176929bfd29bb26cfed70b92bb285f09fede830ca5c8f9e1de97b2",
                "sha256:daa3ee64846578dd01194f2144bc7507f3d79b1bcf8dc9bcf36335365514ec62"
            ],
            "version": "==5.1"
        },
        "pyobjc-framework-latentsemanticmapping": {
            "hashes": [
                "sha256:1bfffd584912bee8546d1a7b0dde15b253d0d151d9e614df036168b6d44d6014",
                "sha256:f4269986620fbee36b5c867be0efc7f0b287aad80dc3cabdd2ab841d7e28a5a3"
            ],
            "version": "==5.1"
        },
        "pyobjc-framework-launchservices": {
            "hashes": [
                "sha256:406f96ee541fbdef3ebad5b7745dbf3b98a90dc59233aecea9689915a6044be3",
                "sha256:a264e7d3f74643ac5f2637dad8ceb3564f818129f0ee4c18e79342e5a5667608"
            ],
            "version": "==5.1"
        },
        "pyobjc-framework-osakit": {
            "hashes": [
                "sha256:1f52669314d36ad8d42332086e6210f11a79651ebd6ecf022d32efd379f8255f",
                "sha256:489d5be91106baf67ea1945b9050c858043d6c518a200bec9c9cd7f693d8f71b"
            ],
            "version": "==5.1"
        },
        "pyobjc-framework-preferencepanes": {
            "hashes": [
                "sha256:044b3fd59e865fd3d98d2ad0c02fb7991beab5842e825b4499a32f721f4c9496",
                "sha256:70a2c7927c4e4d30d5d8228f81cc210f0244f57d2c620c30a67b7e342040ee44"
            ],
            "version": "==5.1"
        },
        "pyobjc-framework-quartz": {
            "hashes": [
                "sha256:15e76e19f4c502ace5b088c602cdcfa9731e44076c6b78f80f151b5d6de95e47",
                "sha256:3cb07f1fea407b751841254c9d8a54017e77d22e7feea35d3f76a7f8727ca2aa",
                "sha256:46df1d0dd8dd250e349a0d506c75ba6e13fb1b6a7f5109e4289979d86bc4d4c3",
                "sha256:6e6ca30f62c66101469a89fd7080a9100ec1d0ef7f7b314d3dc1c1a5f67b777a",
                "sha256:b6029c2a3201f152b4d7e195fe9638267a5c6a46f7d2f45f128da2b3969cb76e",
                "sha256:c03c1177ebaee0feb2282f1f9ac6dd93d2c3d5e213fcb7e8ade9716249f0ab97",
                "sha256:c6dfb0f91977c306d50b7ffe958b9feef558b8f991517e032eee235b7636a545",
                "sha256:cb55a78b427d655cf4b02449b0133f597be6c5e35f8605dbd73c8f8269e8ef13",
                "sha256:f99ef91521d13d9e246cae61666ec7369185d58b1c0f63abb9b3ebb719761c69"
            ],
            "index": "pypi",
            "markers": "platform_system == 'Darwin'",
            "version": "==5.1"
        },
        "pyobjc-framework-screensaver": {
            "hashes": [
                "sha256:0155a4ce718d39607a1a74755887667bf7bc27b470b86340d685ef1434037269",
                "sha256:29afa7ccf311c877923a268a00d039dd5f9d68d33a31b48ac872859384448e52",
                "sha256:3466d0cff85fee26b15d0b1ccdd236603bf374a3d4833a3a2984fdbc5ebc2797",
                "sha256:59364de09899348f7c5ef23005a56c325005368cfa9ccc0756cbbb782cf8ad36",
                "sha256:80ea97fbff808cb4da703f02d6903fc9ccdf484f8770cc9f5385dbb5e2b08e10",
                "sha256:8eef59ef2093306f5975b33bea5541f5b53fbf259002f49e92ae3953057a9e63",
                "sha256:a500b6df8752d254e9cf33a673b258382051aa0a95b781ce3a560f62a0585664",
                "sha256:db53f61b52e1876b4813f1d911ad562ce7029cf39138df6c519cac170635d360",
                "sha256:fea79e31038db0b0374316e65783d310dc87a4dcc16b402bdbe7ef1226419b0b"
            ],
            "index": "pypi",
            "markers": "platform_system == 'Darwin'",
            "version": "==5.1"
        },
        "pyobjc-framework-searchkit": {
            "hashes": [
                "sha256:110afad4f7b96e2f5111afc9e1c049783a858e530ad9ba4e8a1ef281731856cc",
                "sha256:f5d150539bec18a3b5b019149a954653c2814919aa2e256c6c3915afd24cf92c"
            ],
            "version": "==5.1"
        },
        "pyobjc-framework-security": {
            "hashes": [
                "sha256:17fefa76a121d1451ec56174c06be66913610e9eb59b7994cdd7c3aff0878fea",
                "sha256:277b44ad1b00e668b2a90f9b9889b84715619e41702a513a0716a44ad669b898",
                "sha256:4d8cc6bf8cabe23794da47d8f7bff8827ca1985a238fa6e8ea209bfe7c082cf9",
                "sha256:844f9370c295746922bdebbd8785c0cce39e40285d27297b76dad25a43d074e6",
                "sha256:a66036bf72f5ea13eb45d7ca0d0399d4d511add3ccab5b43230272c74216c01c",
                "sha256:a99e51d42d1626b286db9f3295f372818e6d72cd45967e75e772a9b283bed13c",
                "sha256:d518834f112095c3d8cc700f0f51b16455e0671dbbf30fb778fafceaccccf2de",
                "sha256:f16c8c11d75a47b8c6f2d8d18abe0a7e68ce50aa05c4fdc8e9b117ae9c329ddb",
                "sha256:ff04132dcbda5a906ace1a237eed945ee3d085480f118d06d975f6bca49cf0bb"
            ],
            "index": "pypi",
            "markers": "platform_system == 'Darwin'",
            "version": "==5.1"
        },
        "pyobjc-framework-securityfoundation": {
            "hashes": [
                "sha256:7588cf19707b782b15237c0de38de52720a116a285dd98e2719abeb23e0c4837",
                "sha256:fcac6675a6b273d78010486017073432da9b7d20d685696fdb8bc1a1c1a29797"
            ],
            "version": "==5.1"
        },
        "pyobjc-framework-securityinterface": {
            "hashes": [
                "sha256:0ddd79e83417a91b86d44f2eab56552dd4e3a88f8caf9fce607ddecd3429dfd2",
                "sha256:174df90f1ead623366f4468ac776b1401599944c1b5d7dab6e681181dea18b5b",
                "sha256:3c614ab26ddbdeb477df4a1c0fc9d1c2cfec2c3a4b67e5d9ea30821b9c230c85",
                "sha256:663cd8c4cc6cbd59bfa8960157228c02c24dd69186c9fefdc7e51152392f0efa",
                "sha256:6d9e745491a56f6c06a0fd76b68c11b52a0ef6cc917356e1a0c918a5e3e2bfbc",
                "sha256:971f0610a7184d730f4a72180c215f5a817f3ef88c4d4d6d598d91dfeae7a94c",
                "sha256:c0bb25ce75ff6c87fb02dbe32751b2814e818690992efe949c395852e275338d",
                "sha256:d41d231e18e81bfb19b2e5071cf9abceb8922a0d6eb3e3e64d2f55d2d333b3b1",
                "sha256:f915fc58f34b0206b6cc51c6c12ad3c745194c435107b46eb90cce2def80a1dd"
            ],
            "index": "pypi",
            "markers": "platform_system == 'Darwin'",
            "version": "==5.1"
        },
        "pyobjc-framework-syncservices": {
            "hashes": [
                "sha256:2657983a9c07449204d459f654fd194c164077e32eeafca2a5a9c337cf551783",
                "sha256:5e5dcb4f36ff84da98a41c23e219a25feda2e31217fc3581b11aa2c9891e42f2",
                "sha256:7aa9c18d7bd8cf1787427c8323c980fd359875c4a42db1ff221788b642e02c45",
                "sha256:80e00ba96e41c36f3bf22e355b06e066b91b403629f48a420386ec6c74fdad7d",
                "sha256:83d183e7073c58749d30d43a3d3bcfa957e12c01746facae93be619fd8bf7827",
                "sha256:91c6350519b797f4567102651d845b7a33fd50ef5ab322d3255456ceb88f4de2",
                "sha256:bd7a6f6e32d807223fc526be7f9d240aea636ff281e4004db02c70ce951e63dc",
                "sha256:cf520f6cecb4cb6ebb6e48aefbf14757f828e5ca2a1a19697e4018911c04db63",
                "sha256:f98da5ecd0e2375fdeee5fe32007a154d5e66fd1c585f0cbcce3f6ee04cbaa86"
            ],
            "index": "pypi",
            "markers": "platform_system == 'Darwin'",
            "version": "==5.1"
        },
        "pyobjc-framework-systemconfiguration": {
            "hashes": [
                "sha256:541075a21a86ab503891931709fc0ef0902e26fb9fef49f1a37e3ebdb68de5e1",
                "sha256:85308605a3d9a12d5abac9e24664577718eef9edf046288bef30a141ace8e9e7",
                "sha256:a4451d0963a3a403c4a3bacd17f2cb7217dd59d422036932d6b86928ed9add0c",
                "sha256:b6c84c2683a22cdbfa6677f857422443cae3cd0df7e7e93b35b8e571807b566e",
                "sha256:bf44f90221bbfe417f107d10a5213c9082d77f7d41144eef06de491232cff529",
                "sha256:c239bef148a35ed4a1fd4e4524aab8192f4b10fa9d9d552495123570933fbc12",
                "sha256:c36bc355adc494403bdcbdcdbdc0983ba949e068cfefd23e3fa8d35842396be3",
                "sha256:d40f49d362508d89b99a0f13a022afadad062b4244dd5a7de848a61e67539e99",
                "sha256:df4df156b50f23571882aa6a83d663b266bce1b0ece95aa332028ab090fe421d"
            ],
            "index": "pypi",
            "markers": "platform_system == 'Darwin'",
            "version": "==5.1"
        },
        "pyobjc-framework-webkit": {
            "hashes": [
                "sha256:17ca665eb28eed38bf7dd4d91bbe2ce3514a4da379aa9e6597fcc63c523f139b",
                "sha256:2f6e0b6b3cdefbef065de1867c4dd72491e617c5bd28cabad4c7a72b55073341",
                "sha256:447dd44393b743d2d0832a45613c5baac239b2d284b4d3108627587d6920602c",
                "sha256:8fdef368a081191d3a162c5d048c600e87878ef57d63b2e5a4aa8423b4e92ddf",
                "sha256:9dad4e558cfc4a3966fa57ae2c15d4a3f4b5cc932807e89d3eb55980b9501726",
                "sha256:bdb5f3c719ec50005532e590a044b6b805f50a5b0d1f8d77936cf4254d5c5a60",
                "sha256:cbe658fefa8bad559ae302913a5c3a38c966fcef35bba336782cb097207328ae",
                "sha256:ea77e99428a78765ec672b37336cb085a62cbec8da6fa36f56741ce42e6e44ec",
                "sha256:f5565a90525075b98e107856f84044c65755acdde59e5eff6b5f7054ab036d5f"
            ],
            "index": "pypi",
            "markers": "platform_system == 'Darwin'",
            "version": "==5.1"
        },
        "pyparsing": {
            "hashes": [
                "sha256:bc6c7146b91af3f567cf6daeaec360bc07d45ffec4cf5353f4d7a208ce7ca30a",
                "sha256:d29593d8ebe7b57d6967b62494f8c72b03ac0262b1eed63826c6f788b3606401"
            ],
            "version": "==2.2.2"
        },
        "pyperclip": {
            "hashes": [
                "sha256:979325468ccf682104d5dcaf753f869868100631301d3e72f47babdea5700d1c"
            ],
            "index": "pypi",
            "version": "==1.7.0"
        },
        "pyscreeze": {
            "hashes": [
                "sha256:11737e196a5dc35b723e0b34784559c052c10af8518f37e9cf70c86b5936fb00"
            ],
            "version": "==0.1.18"
        },
        "pytesseract": {
            "hashes": [
                "sha256:d54d370d3c1032c7fc097b2e88bb899368a7979550e5fd6f6e0ccdf0d60e9f72"
            ],
            "index": "pypi",
            "version": "==0.2.5"
        },
        "python-dateutil": {
            "hashes": [
                "sha256:1adb80e7a782c12e52ef9a8182bebeb73f1d7e24e374397af06fb4956c8dc5c0",
                "sha256:e27001de32f627c22380a688bcc43ce83504a7bc5da472209b4c70f02829f0b8"
            ],
            "index": "pypi",
            "version": "==2.7.3"
        },
        "python-utils": {
            "hashes": [
                "sha256:34aaf26b39b0b86628008f2ae0ac001b30e7986a8d303b61e1357dfcdad4f6d3",
                "sha256:e25f840564554eaded56eaa395bca507b0b9e9f0ae5ecb13a8cb785305c56d25"
            ],
            "version": "==2.3.0"
        },
        "python-xlib": {
            "hashes": [
                "sha256:2ffa01fa51bdf53842fa4e3f9e2501f8147d4abf546a83e9c2b091982da2e1a8",
                "sha256:c3deb8329038620d07b21be05673fa5a495dd8b04a2d9f4dca37a3811d192ae4"
            ],
            "markers": "'linux' in sys_platform",
            "version": "==0.23"
        },
        "pytweening": {
            "hashes": [
                "sha256:4b608a570f4dccf2201e898f643c2a12372eb1d71a3dbc7e778771b603ca248b"
            ],
            "version": "==1.0.3"
        },
        "pytz": {
            "hashes": [
                "sha256:a061aa0a9e06881eb8b3b2b43f05b9439d6583c206d0a6c340ff72a7b6669053",
                "sha256:ffb9ef1de172603304d9d2819af6f5ece76f2e85ec10692a524dd876e72bf277"
            ],
            "version": "==2018.5"
        },
        "redo": {
            "hashes": [
                "sha256:69ea97e4d934806475fe86f93e4f74da2994acab20c2e3cfe0d3ca6380e3f907"
            ],
            "version": "==1.6"
        },
        "requests": {
            "hashes": [
                "sha256:63b52e3c866428a224f97cab011de738c36aec0185aa91cfacd418b5d58911d1",
                "sha256:ec22d826a36ed72a7358ff3fe56cbd4ba69dd7a6718ffd450ff0e9df7a47ce6a"
            ],
            "version": "==2.19.1"
        },
        "requests-hawk": {
            "hashes": [
                "sha256:aef0dff8053dcae2057774516386bed0a3bc03fabea9e18f3aa98f02672ea5d0",
                "sha256:c2626ab31ebef0c81b97781c44c2275bfcc6d8e8520fc4ced495f0f386f8fe26"
            ],
            "version": "==1.0.0"
        },
        "six": {
            "hashes": [
                "sha256:70e8a77beed4562e7f14fe23a786b54f6296e34344c23bc42f07b15018ff98e9",
                "sha256:832dc0e10feb1aa2c68dcc57dbb658f1c7e65b9b61af69048abc87a2db00a0eb"
            ],
            "version": "==1.11.0"
        },
        "smmap2": {
            "hashes": [
                "sha256:0555a7bf4df71d1ef4218e4807bbf9b201f910174e6e08af2e138d4e517b4dde",
                "sha256:29a9ffa0497e7f2be94ca0ed1ca1aa3cd4cf25a1f6b4f5f87f74b46ed91d609a"
            ],
            "version": "==2.0.5"
        },
        "treeherder-client": {
            "hashes": [
                "sha256:84690096902891bef2d9b555352f791510f9a280a76c8cf76a2730deccf8dc4b",
                "sha256:e4221b867621afedcd88d076d8652435a8b62d5b0d1c0149afddce4516c2f0c4"
            ],
            "version": "==4.0.0"
        },
        "urllib3": {
            "hashes": [
                "sha256:a68ac5e15e76e7e5dd2b8f94007233e01effe3e50e8daddf69acfd81cb686baf",
                "sha256:b5725a0bd4ba422ab0e66e89e030c806576753ea3ee08554382c14e685d117b5"
            ],
            "version": "==1.23"
        },
        "xlib": {
            "hashes": [
                "sha256:60b7cd5d90f5d5922d9ce27b61589c07d970796558d417461db7b66e366bc401",
                "sha256:8eee67dad83ef4b82bbbfa85d51eeb20c79d12b119fe25aa1d27bd602ff82212"
            ],
            "index": "pypi",
            "markers": "platform_system == 'Linux'",
            "version": "==0.21"
        }
    },
    "develop": {}
}
